// !$*UTF8*$!
{
	archiveVersion = 1;
	classes = {
	};
	objectVersion = 51;
	objects = {

/* Begin PBXBuildFile section */
		233FE560BC57D10F891D97EE /* Pods_MQStackView.framework in Frameworks */ = {isa = PBXBuildFile; fileRef = 1810854C7626030C78C3A97B /* Pods_MQStackView.framework */; };
		48723E95255D07840041A10E /* AppDelegate.m in Sources */ = {isa = PBXBuildFile; fileRef = 48723E94255D07840041A10E /* AppDelegate.m */; };
		48723E98255D07840041A10E /* SceneDelegate.m in Sources */ = {isa = PBXBuildFile; fileRef = 48723E97255D07840041A10E /* SceneDelegate.m */; };
		48723E9B255D07850041A10E /* ViewController.m in Sources */ = {isa = PBXBuildFile; fileRef = 48723E9A255D07850041A10E /* ViewController.m */; };
		48723E9E255D07850041A10E /* Main.storyboard in Resources */ = {isa = PBXBuildFile; fileRef = 48723E9C255D07850041A10E /* Main.storyboard */; };
		48723EA0255D07850041A10E /* Assets.xcassets in Resources */ = {isa = PBXBuildFile; fileRef = 48723E9F255D07850041A10E /* Assets.xcassets */; };
		48723EA6255D07850041A10E /* main.m in Sources */ = {isa = PBXBuildFile; fileRef = 48723EA5255D07850041A10E /* main.m */; };
		48723EB0255D07AA0041A10E /* LaunchScreen.storyboard in Resources */ = {isa = PBXBuildFile; fileRef = 48723EAF255D07AA0041A10E /* LaunchScreen.storyboard */; };
		48F4C214255D0AC2001E97FA /* BaseStackVC.m in Sources */ = {isa = PBXBuildFile; fileRef = 48F4C213255D0AC2001E97FA /* BaseStackVC.m */; };
		48F4C218255D146F001E97FA /* MacroTool.m in Sources */ = {isa = PBXBuildFile; fileRef = 48F4C217255D146F001E97FA /* MacroTool.m */; };
		48F4C21C255D1B15001E97FA /* StackAxisVC.m in Sources */ = {isa = PBXBuildFile; fileRef = 48F4C21B255D1B15001E97FA /* StackAxisVC.m */; };
		48F4C220255D1EA8001E97FA /* AutoLayoutStackVC.m in Sources */ = {isa = PBXBuildFile; fileRef = 48F4C21F255D1EA8001E97FA /* AutoLayoutStackVC.m */; };
		48F4C224255D3183001E97FA /* StackDistributionVC.m in Sources */ = {isa = PBXBuildFile; fileRef = 48F4C223255D3183001E97FA /* StackDistributionVC.m */; };
		48F4C228255D389F001E97FA /* StackAlignmentVC.m in Sources */ = {isa = PBXBuildFile; fileRef = 48F4C227255D389F001E97FA /* StackAlignmentVC.m */; };
/* End PBXBuildFile section */

/* Begin PBXFileReference section */
		11CBE616FECC134D8A772A6C /* Pods-MQStackView.release.xcconfig */ = {isa = PBXFileReference; includeInIndex = 1; lastKnownFileType = text.xcconfig; name = "Pods-MQStackView.release.xcconfig"; path = "Target Support Files/Pods-MQStackView/Pods-MQStackView.release.xcconfig"; sourceTree = "<group>"; };
		1810854C7626030C78C3A97B /* Pods_MQStackView.framework */ = {isa = PBXFileReference; explicitFileType = wrapper.framework; includeInIndex = 0; path = Pods_MQStackView.framework; sourceTree = BUILT_PRODUCTS_DIR; };
		48723E90255D07840041A10E /* MQStackView.app */ = {isa = PBXFileReference; explicitFileType = wrapper.application; includeInIndex = 0; path = MQStackView.app; sourceTree = BUILT_PRODUCTS_DIR; };
		48723E93255D07840041A10E /* AppDelegate.h */ = {isa = PBXFileReference; lastKnownFileType = sourcecode.c.h; path = AppDelegate.h; sourceTree = "<group>"; };
		48723E94255D07840041A10E /* AppDelegate.m */ = {isa = PBXFileReference; lastKnownFileType = sourcecode.c.objc; path = AppDelegate.m; sourceTree = "<group>"; };
		48723E96255D07840041A10E /* SceneDelegate.h */ = {isa = PBXFileReference; lastKnownFileType = sourcecode.c.h; path = SceneDelegate.h; sourceTree = "<group>"; };
		48723E97255D07840041A10E /* SceneDelegate.m */ = {isa = PBXFileReference; lastKnownFileType = sourcecode.c.objc; path = SceneDelegate.m; sourceTree = "<group>"; };
		48723E99255D07840041A10E /* ViewController.h */ = {isa = PBXFileReference; lastKnownFileType = sourcecode.c.h; path = ViewController.h; sourceTree = "<group>"; };
		48723E9A255D07850041A10E /* ViewController.m */ = {isa = PBXFileReference; lastKnownFileType = sourcecode.c.objc; path = ViewController.m; sourceTree = "<group>"; };
		48723E9D255D07850041A10E /* Base */ = {isa = PBXFileReference; lastKnownFileType = file.storyboard; name = Base; path = Base.lproj/Main.storyboard; sourceTree = "<group>"; };
		48723E9F255D07850041A10E /* Assets.xcassets */ = {isa = PBXFileReference; lastKnownFileType = folder.assetcatalog; path = Assets.xcassets; sourceTree = "<group>"; };
		48723EA4255D07850041A10E /* Info.plist */ = {isa = PBXFileReference; lastKnownFileType = text.plist.xml; path = Info.plist; sourceTree = "<group>"; };
		48723EA5255D07850041A10E /* main.m */ = {isa = PBXFileReference; lastKnownFileType = sourcecode.c.objc; path = main.m; sourceTree = "<group>"; };
		48723EAF255D07AA0041A10E /* LaunchScreen.storyboard */ = {isa = PBXFileReference; lastKnownFileType = file.storyboard; path = LaunchScreen.storyboard; sourceTree = "<group>"; };
		48F4C20B255D08AD001E97FA /* PrefixHeader.pch */ = {isa = PBXFileReference; lastKnownFileType = sourcecode.c.h; path = PrefixHeader.pch; sourceTree = "<group>"; };
		48F4C212255D0AC2001E97FA /* BaseStackVC.h */ = {isa = PBXFileReference; lastKnownFileType = sourcecode.c.h; path = BaseStackVC.h; sourceTree = "<group>"; };
		48F4C213255D0AC2001E97FA /* BaseStackVC.m */ = {isa = PBXFileReference; lastKnownFileType = sourcecode.c.objc; path = BaseStackVC.m; sourceTree = "<group>"; };
		48F4C216255D146F001E97FA /* MacroTool.h */ = {isa = PBXFileReference; lastKnownFileType = sourcecode.c.h; path = MacroTool.h; sourceTree = "<group>"; };
		48F4C217255D146F001E97FA /* MacroTool.m */ = {isa = PBXFileReference; lastKnownFileType = sourcecode.c.objc; path = MacroTool.m; sourceTree = "<group>"; };
		48F4C21A255D1B15001E97FA /* StackAxisVC.h */ = {isa = PBXFileReference; lastKnownFileType = sourcecode.c.h; path = StackAxisVC.h; sourceTree = "<group>"; };
		48F4C21B255D1B15001E97FA /* StackAxisVC.m */ = {isa = PBXFileReference; lastKnownFileType = sourcecode.c.objc; path = StackAxisVC.m; sourceTree = "<group>"; };
		48F4C21E255D1EA8001E97FA /* AutoLayoutStackVC.h */ = {isa = PBXFileReference; lastKnownFileType = sourcecode.c.h; path = AutoLayoutStackVC.h; sourceTree = "<group>"; };
		48F4C21F255D1EA8001E97FA /* AutoLayoutStackVC.m */ = {isa = PBXFileReference; lastKnownFileType = sourcecode.c.objc; path = AutoLayoutStackVC.m; sourceTree = "<group>"; };
		48F4C222255D3183001E97FA /* StackDistributionVC.h */ = {isa = PBXFileReference; lastKnownFileType = sourcecode.c.h; path = StackDistributionVC.h; sourceTree = "<group>"; };
		48F4C223255D3183001E97FA /* StackDistributionVC.m */ = {isa = PBXFileReference; lastKnownFileType = sourcecode.c.objc; path = StackDistributionVC.m; sourceTree = "<group>"; };
		48F4C226255D389F001E97FA /* StackAlignmentVC.h */ = {isa = PBXFileReference; lastKnownFileType = sourcecode.c.h; path = StackAlignmentVC.h; sourceTree = "<group>"; };
		48F4C227255D389F001E97FA /* StackAlignmentVC.m */ = {isa = PBXFileReference; lastKnownFileType = sourcecode.c.objc; path = StackAlignmentVC.m; sourceTree = "<group>"; };
		5C5757238A624C2CCBEA0390 /* Pods-MQStackView.debug.xcconfig */ = {isa = PBXFileReference; includeInIndex = 1; lastKnownFileType = text.xcconfig; name = "Pods-MQStackView.debug.xcconfig"; path = "Target Support Files/Pods-MQStackView/Pods-MQStackView.debug.xcconfig"; sourceTree = "<group>"; };
/* End PBXFileReference section */

/* Begin PBXFrameworksBuildPhase section */
		48723E8D255D07840041A10E /* Frameworks */ = {
			isa = PBXFrameworksBuildPhase;
			buildActionMask = 2147483647;
			files = (
				233FE560BC57D10F891D97EE /* Pods_MQStackView.framework in Frameworks */,
			);
			runOnlyForDeploymentPostprocessing = 0;
		};
/* End PBXFrameworksBuildPhase section */

/* Begin PBXGroup section */
		48723E87255D07840041A10E = {
			isa = PBXGroup;
			children = (
				48723E92255D07840041A10E /* MQStackView */,
				48723E91255D07840041A10E /* Products */,
				CACC05816CD3588691F7946B /* Pods */,
				82D22179E4959CB0FCFE17FC /* Frameworks */,
			);
			sourceTree = "<group>";
		};
		48723E91255D07840041A10E /* Products */ = {
			isa = PBXGroup;
			children = (
				48723E90255D07840041A10E /* MQStackView.app */,
			);
			name = Products;
			sourceTree = "<group>";
		};
		48723E92255D07840041A10E /* MQStackView */ = {
			isa = PBXGroup;
			children = (
				48723E93255D07840041A10E /* AppDelegate.h */,
				48723E94255D07840041A10E /* AppDelegate.m */,
				48723E96255D07840041A10E /* SceneDelegate.h */,
				48723E97255D07840041A10E /* SceneDelegate.m */,
				48F4C216255D146F001E97FA /* MacroTool.h */,
				48F4C217255D146F001E97FA /* MacroTool.m */,
				48723E99255D07840041A10E /* ViewController.h */,
				48723E9A255D07850041A10E /* ViewController.m */,
				48F4C211255D0AAE001E97FA /* StackVC */,
				48723E9C255D07850041A10E /* Main.storyboard */,
				48723E9F255D07850041A10E /* Assets.xcassets */,
				48723EAF255D07AA0041A10E /* LaunchScreen.storyboard */,
				48723EA4255D07850041A10E /* Info.plist */,
				48F4C20B255D08AD001E97FA /* PrefixHeader.pch */,
				48723EA5255D07850041A10E /* main.m */,
			);
			path = MQStackView;
			sourceTree = "<group>";
		};
		48F4C211255D0AAE001E97FA /* StackVC */ = {
			isa = PBXGroup;
			children = (
				48F4C212255D0AC2001E97FA /* BaseStackVC.h */,
				48F4C213255D0AC2001E97FA /* BaseStackVC.m */,
				48F4C21E255D1EA8001E97FA /* AutoLayoutStackVC.h */,
				48F4C21F255D1EA8001E97FA /* AutoLayoutStackVC.m */,
				48F4C21A255D1B15001E97FA /* StackAxisVC.h */,
				48F4C21B255D1B15001E97FA /* StackAxisVC.m */,
				48F4C222255D3183001E97FA /* StackDistributionVC.h */,
				48F4C223255D3183001E97FA /* StackDistributionVC.m */,
				48F4C226255D389F001E97FA /* StackAlignmentVC.h */,
				48F4C227255D389F001E97FA /* StackAlignmentVC.m */,
			);
			path = StackVC;
			sourceTree = "<group>";
		};
		82D22179E4959CB0FCFE17FC /* Frameworks */ = {
			isa = PBXGroup;
			children = (
				1810854C7626030C78C3A97B /* Pods_MQStackView.framework */,
			);
			name = Frameworks;
			sourceTree = "<group>";
		};
		CACC05816CD3588691F7946B /* Pods */ = {
			isa = PBXGroup;
			children = (
				5C5757238A624C2CCBEA0390 /* Pods-MQStackView.debug.xcconfig */,
				11CBE616FECC134D8A772A6C /* Pods-MQStackView.release.xcconfig */,
			);
			path = Pods;
			sourceTree = "<group>";
		};
/* End PBXGroup section */

/* Begin PBXNativeTarget section */
		48723E8F255D07840041A10E /* MQStackView */ = {
			isa = PBXNativeTarget;
			buildConfigurationList = 48723EA9255D07850041A10E /* Build configuration list for PBXNativeTarget "MQStackView" */;
			buildPhases = (
				19CBAEC3A3DBE601603BC249 /* [CP] Check Pods Manifest.lock */,
				48723E8C255D07840041A10E /* Sources */,
				48723E8D255D07840041A10E /* Frameworks */,
				48723E8E255D07840041A10E /* Resources */,
				E1C0E04698F8694CD28844AB /* [CP] Embed Pods Frameworks */,
			);
			buildRules = (
			);
			dependencies = (
			);
			name = MQStackView;
			productName = MQStackView;
			productReference = 48723E90255D07840041A10E /* MQStackView.app */;
			productType = "com.apple.product-type.application";
		};
/* End PBXNativeTarget section */

/* Begin PBXProject section */
		48723E88255D07840041A10E /* Project object */ = {
			isa = PBXProject;
			attributes = {
				LastUpgradeCheck = 1210;
				TargetAttributes = {
					48723E8F255D07840041A10E = {
						CreatedOnToolsVersion = 12.1;
					};
				};
			};
			buildConfigurationList = 48723E8B255D07840041A10E /* Build configuration list for PBXProject "MQStackView" */;
			compatibilityVersion = "Xcode 9.3";
			developmentRegion = en;
			hasScannedForEncodings = 0;
			knownRegions = (
				en,
				Base,
			);
			mainGroup = 48723E87255D07840041A10E;
			productRefGroup = 48723E91255D07840041A10E /* Products */;
			projectDirPath = "";
			projectRoot = "";
			targets = (
				48723E8F255D07840041A10E /* MQStackView */,
			);
		};
/* End PBXProject section */

/* Begin PBXResourcesBuildPhase section */
		48723E8E255D07840041A10E /* Resources */ = {
			isa = PBXResourcesBuildPhase;
			buildActionMask = 2147483647;
			files = (
				48723EB0255D07AA0041A10E /* LaunchScreen.storyboard in Resources */,
				48723EA0255D07850041A10E /* Assets.xcassets in Resources */,
				48723E9E255D07850041A10E /* Main.storyboard in Resources */,
			);
			runOnlyForDeploymentPostprocessing = 0;
		};
/* End PBXResourcesBuildPhase section */

/* Begin PBXShellScriptBuildPhase section */
		19CBAEC3A3DBE601603BC249 /* [CP] Check Pods Manifest.lock */ = {
			isa = PBXShellScriptBuildPhase;
			buildActionMask = 2147483647;
			files = (
			);
			inputFileListPaths = (
			);
			inputPaths = (
				"${PODS_PODFILE_DIR_PATH}/Podfile.lock",
				"${PODS_ROOT}/Manifest.lock",
			);
			name = "[CP] Check Pods Manifest.lock";
			outputFileListPaths = (
			);
			outputPaths = (
				"$(DERIVED_FILE_DIR)/Pods-MQStackView-checkManifestLockResult.txt",
			);
			runOnlyForDeploymentPostprocessing = 0;
			shellPath = /bin/sh;
			shellScript = "diff \"${PODS_PODFILE_DIR_PATH}/Podfile.lock\" \"${PODS_ROOT}/Manifest.lock\" > /dev/null\nif [ $? != 0 ] ; then\n    # print error to STDERR\n    echo \"error: The sandbox is not in sync with the Podfile.lock. Run 'pod install' or update your CocoaPods installation.\" >&2\n    exit 1\nfi\n# This output is used by Xcode 'outputs' to avoid re-running this script phase.\necho \"SUCCESS\" > \"${SCRIPT_OUTPUT_FILE_0}\"\n";
			showEnvVarsInLog = 0;
		};
		E1C0E04698F8694CD28844AB /* [CP] Embed Pods Frameworks */ = {
			isa = PBXShellScriptBuildPhase;
			buildActionMask = 2147483647;
			files = (
			);
			inputFileListPaths = (
				"${PODS_ROOT}/Target Support Files/Pods-MQStackView/Pods-MQStackView-frameworks-${CONFIGURATION}-input-files.xcfilelist",
			);
			name = "[CP] Embed Pods Frameworks";
			outputFileListPaths = (
				"${PODS_ROOT}/Target Support Files/Pods-MQStackView/Pods-MQStackView-frameworks-${CONFIGURATION}-output-files.xcfilelist",
			);
			runOnlyForDeploymentPostprocessing = 0;
			shellPath = /bin/sh;
			shellScript = "\"${PODS_ROOT}/Target Support Files/Pods-MQStackView/Pods-MQStackView-frameworks.sh\"\n";
			showEnvVarsInLog = 0;
		};
/* End PBXShellScriptBuildPhase section */

/* Begin PBXSourcesBuildPhase section */
		48723E8C255D07840041A10E /* Sources */ = {
			isa = PBXSourcesBuildPhase;
			buildActionMask = 2147483647;
			files = (
				48723E9B255D07850041A10E /* ViewController.m in Sources */,
				48F4C228255D389F001E97FA /* StackAlignmentVC.m in Sources */,
				48723E95255D07840041A10E /* AppDelegate.m in Sources */,
				48F4C214255D0AC2001E97FA /* BaseStackVC.m in Sources */,
				48F4C21C255D1B15001E97FA /* StackAxisVC.m in Sources */,
				48F4C224255D3183001E97FA /* StackDistributionVC.m in Sources */,
				48F4C220255D1EA8001E97FA /* AutoLayoutStackVC.m in Sources */,
				48723EA6255D07850041A10E /* main.m in Sources */,
				48F4C218255D146F001E97FA /* MacroTool.m in Sources */,
				48723E98255D07840041A10E /* SceneDelegate.m in Sources */,
			);
			runOnlyForDeploymentPostprocessing = 0;
		};
/* End PBXSourcesBuildPhase section */

/* Begin PBXVariantGroup section */
		48723E9C255D07850041A10E /* Main.storyboard */ = {
			isa = PBXVariantGroup;
			children = (
				48723E9D255D07850041A10E /* Base */,
			);
			name = Main.storyboard;
			sourceTree = "<group>";
		};
/* End PBXVariantGroup section */

/* Begin XCBuildConfiguration section */
		48723EA7255D07850041A10E /* Debug */ = {
			isa = XCBuildConfiguration;
			buildSettings = {
				ALWAYS_SEARCH_USER_PATHS = NO;
				CLANG_ANALYZER_NONNULL = YES;
				CLANG_ANALYZER_NUMBER_OBJECT_CONVERSION = YES_AGGRESSIVE;
				CLANG_CXX_LANGUAGE_STANDARD = "gnu++14";
				CLANG_CXX_LIBRARY = "libc++";
				CLANG_ENABLE_MODULES = YES;
				CLANG_ENABLE_OBJC_ARC = YES;
				CLANG_ENABLE_OBJC_WEAK = YES;
				CLANG_WARN_BLOCK_CAPTURE_AUTORELEASING = YES;
				CLANG_WARN_BOOL_CONVERSION = YES;
				CLANG_WARN_COMMA = YES;
				CLANG_WARN_CONSTANT_CONVERSION = YES;
				CLANG_WARN_DEPRECATED_OBJC_IMPLEMENTATIONS = YES;
				CLANG_WARN_DIRECT_OBJC_ISA_USAGE = YES_ERROR;
				CLANG_WARN_DOCUMENTATION_COMMENTS = YES;
				CLANG_WARN_EMPTY_BODY = YES;
				CLANG_WARN_ENUM_CONVERSION = YES;
				CLANG_WARN_INFINITE_RECURSION = YES;
				CLANG_WARN_INT_CONVERSION = YES;
				CLANG_WARN_NON_LITERAL_NULL_CONVERSION = YES;
				CLANG_WARN_OBJC_IMPLICIT_RETAIN_SELF = YES;
				CLANG_WARN_OBJC_LITERAL_CONVERSION = YES;
				CLANG_WARN_OBJC_ROOT_CLASS = YES_ERROR;
				CLANG_WARN_QUOTED_INCLUDE_IN_FRAMEWORK_HEADER = YES;
				CLANG_WARN_RANGE_LOOP_ANALYSIS = YES;
				CLANG_WARN_STRICT_PROTOTYPES = YES;
				CLANG_WARN_SUSPICIOUS_MOVE = YES;
				CLANG_WARN_UNGUARDED_AVAILABILITY = YES_AGGRESSIVE;
				CLANG_WARN_UNREACHABLE_CODE = YES;
				CLANG_WARN__DUPLICATE_METHOD_MATCH = YES;
				COPY_PHASE_STRIP = NO;
				DEBUG_INFORMATION_FORMAT = dwarf;
				ENABLE_STRICT_OBJC_MSGSEND = YES;
				ENABLE_TESTABILITY = YES;
				GCC_C_LANGUAGE_STANDARD = gnu11;
				GCC_DYNAMIC_NO_PIC = NO;
				GCC_NO_COMMON_BLOCKS = YES;
				GCC_OPTIMIZATION_LEVEL = 0;
				GCC_PREPROCESSOR_DEFINITIONS = (
					"DEBUG=1",
					"$(inherited)",
				);
				GCC_WARN_64_TO_32_BIT_CONVERSION = YES;
				GCC_WARN_ABOUT_RETURN_TYPE = YES_ERROR;
				GCC_WARN_UNDECLARED_SELECTOR = YES;
				GCC_WARN_UNINITIALIZED_AUTOS = YES_AGGRESSIVE;
				GCC_WARN_UNUSED_FUNCTION = YES;
				GCC_WARN_UNUSED_VARIABLE = YES;
				IPHONEOS_DEPLOYMENT_TARGET = 14.1;
				MTL_ENABLE_DEBUG_INFO = INCLUDE_SOURCE;
				MTL_FAST_MATH = YES;
				ONLY_ACTIVE_ARCH = YES;
				SDKROOT = iphoneos;
			};
			name = Debug;
		};
		48723EA8255D07850041A10E /* Release */ = {
			isa = XCBuildConfiguration;
			buildSettings = {
				ALWAYS_SEARCH_USER_PATHS = NO;
				CLANG_ANALYZER_NONNULL = YES;
				CLANG_ANALYZER_NUMBER_OBJECT_CONVERSION = YES_AGGRESSIVE;
				CLANG_CXX_LANGUAGE_STANDARD = "gnu++14";
				CLANG_CXX_LIBRARY = "libc++";
				CLANG_ENABLE_MODULES = YES;
				CLANG_ENABLE_OBJC_ARC = YES;
				CLANG_ENABLE_OBJC_WEAK = YES;
				CLANG_WARN_BLOCK_CAPTURE_AUTORELEASING = YES;
				CLANG_WARN_BOOL_CONVERSION = YES;
				CLANG_WARN_COMMA = YES;
				CLANG_WARN_CONSTANT_CONVERSION = YES;
				CLANG_WARN_DEPRECATED_OBJC_IMPLEMENTATIONS = YES;
				CLANG_WARN_DIRECT_OBJC_ISA_USAGE = YES_ERROR;
				CLANG_WARN_DOCUMENTATION_COMMENTS = YES;
				CLANG_WARN_EMPTY_BODY = YES;
				CLANG_WARN_ENUM_CONVERSION = YES;
				CLANG_WARN_INFINITE_RECURSION = YES;
				CLANG_WARN_INT_CONVERSION = YES;
				CLANG_WARN_NON_LITERAL_NULL_CONVERSION = YES;
				CLANG_WARN_OBJC_IMPLICIT_RETAIN_SELF = YES;
				CLANG_WARN_OBJC_LITERAL_CONVERSION = YES;
				CLANG_WARN_OBJC_ROOT_CLASS = YES_ERROR;
				CLANG_WARN_QUOTED_INCLUDE_IN_FRAMEWORK_HEADER = YES;
				CLANG_WARN_RANGE_LOOP_ANALYSIS = YES;
				CLANG_WARN_STRICT_PROTOTYPES = YES;
				CLANG_WARN_SUSPICIOUS_MOVE = YES;
				CLANG_WARN_UNGUARDED_AVAILABILITY = YES_AGGRESSIVE;
				CLANG_WARN_UNREACHABLE_CODE = YES;
				CLANG_WARN__DUPLICATE_METHOD_MATCH = YES;
				COPY_PHASE_STRIP = NO;
				DEBUG_INFORMATION_FORMAT = "dwarf-with-dsym";
				ENABLE_NS_ASSERTIONS = NO;
				ENABLE_STRICT_OBJC_MSGSEND = YES;
				GCC_C_LANGUAGE_STANDARD = gnu11;
				GCC_NO_COMMON_BLOCKS = YES;
				GCC_WARN_64_TO_32_BIT_CONVERSION = YES;
				GCC_WARN_ABOUT_RETURN_TYPE = YES_ERROR;
				GCC_WARN_UNDECLARED_SELECTOR = YES;
				GCC_WARN_UNINITIALIZED_AUTOS = YES_AGGRESSIVE;
				GCC_WARN_UNUSED_FUNCTION = YES;
				GCC_WARN_UNUSED_VARIABLE = YES;
				IPHONEOS_DEPLOYMENT_TARGET = 14.1;
				MTL_ENABLE_DEBUG_INFO = NO;
				MTL_FAST_MATH = YES;
				SDKROOT = iphoneos;
				VALIDATE_PRODUCT = YES;
			};
			name = Release;
		};
		48723EAA255D07850041A10E /* Debug */ = {
			isa = XCBuildConfiguration;
			baseConfigurationReference = 5C5757238A624C2CCBEA0390 /* Pods-MQStackView.debug.xcconfig */;
			buildSettings = {
				ASSETCATALOG_COMPILER_APPICON_NAME = AppIcon;
				ASSETCATALOG_COMPILER_GLOBAL_ACCENT_COLOR_NAME = AccentColor;
				CODE_SIGN_STYLE = Automatic;
				GCC_PREFIX_HEADER = "${SRCROOT}/MQStackView/PrefixHeader.pch";
				INFOPLIST_FILE = MQStackView/Info.plist;
				IPHONEOS_DEPLOYMENT_TARGET = 13.0;
				LD_RUNPATH_SEARCH_PATHS = (
					"$(inherited)",
					"@executable_path/Frameworks",
				);
				PRODUCT_BUNDLE_IDENTIFIER = com.Twist.MQStackView;
				PRODUCT_NAME = "$(TARGET_NAME)";
				TARGETED_DEVICE_FAMILY = "1,2";
				USER_HEADER_SEARCH_PATHS = "${SRCROOT}";
			};
			name = Debug;
		};
		48723EAB255D07850041A10E /* Release */ = {
			isa = XCBuildConfiguration;
			baseConfigurationReference = 11CBE616FECC134D8A772A6C /* Pods-MQStackView.release.xcconfig */;
			buildSettings = {
				ASSETCATALOG_COMPILER_APPICON_NAME = AppIcon;
				ASSETCATALOG_COMPILER_GLOBAL_ACCENT_COLOR_NAME = AccentColor;
				CODE_SIGN_STYLE = Automatic;
				GCC_PREFIX_HEADER = "${SRCROOT}/MQStackView/PrefixHeader.pch";
				INFOPLIST_FILE = MQStackView/Info.plist;
				IPHONEOS_DEPLOYMENT_TARGET = 13.0;
				LD_RUNPATH_SEARCH_PATHS = (
					"$(inherited)",
					"@executable_path/Frameworks",
				);
				PRODUCT_BUNDLE_IDENTIFIER = com.Twist.MQStackView;
				PRODUCT_NAME = "$(TARGET_NAME)";
				TARGETED_DEVICE_FAMILY = "1,2";
				USER_HEADER_SEARCH_PATHS = "${SRCROOT}";
			};
			name = Release;
		};
/* End XCBuildConfiguration section */

/* Begin XCConfigurationList section */
		48723E8B255D07840041A10E /* Build configuration list for PBXProject "MQStackView" */ = {
			isa = XCConfigurationList;
			buildConfigurations = (
				48723EA7255D07850041A10E /* Debug */,
				48723EA8255D07850041A10E /* Release */,
			);
			defaultConfigurationIsVisible = 0;
			defaultConfigurationName = Release;
		};
		48723EA9255D07850041A10E /* Build configuration list for PBXNativeTarget "MQStackView" */ = {
			isa = XCConfigurationList;
			buildConfigurations = (
				48723EAA255D07850041A10E /* Debug */,
				48723EAB255D07850041A10E /* Release */,
			);
			defaultConfigurationIsVisible = 0;
			defaultConfigurationName = Release;
		};
/* End XCConfigurationList section */
	};
	rootObject = 48723E88255D07840041A10E /* Project object */;
}
